
Microsoft Visual Studio Solution File, Format Version 12.00
# Visual Studio Version 16
VisualStudioVersion = 16.0.28922.388
MinimumVisualStudioVersion = 10.0.40219.1
Project("{888888A0-9F3D-457C-B088-3A5042F75D52}") = "URLShortener", "URLShortener\URLShortener.pyproj", "{1570671A-D1E7-4770-A295-190C0ADAEBB9}"
EndProject
Global
	GlobalSection(SolutionConfigurationPlatforms) = preSolution
		Debug|Any CPU = Debug|Any CPU
		Release|Any CPU = Release|Any CPU
	EndGlobalSection
	GlobalSection(ProjectConfigurationPlatforms) = postSolution
		{1570671A-D1E7-4770-A295-190C0ADAEBB9}.Debug|Any CPU.ActiveCfg = Debug|Any CPU
		{1570671A-D1E7-4770-A295-190C0ADAEBB9}.Debug|Any CPU.Build.0 = Debug|Any CPU
		{1570671A-D1E7-4770-A295-190C0ADAEBB9}.Release|Any CPU.ActiveCfg = Release|Any CPU
		{1570671A-D1E7-4770-A295-190C0ADAEBB9}.Release|Any CPU.Build.0 = Release|Any CPU
	EndGlobalSection
	GlobalSection(SolutionProperties) = preSolution
		HideSolutionNode = FALSE
	EndGlobalSection
	GlobalSection(ExtensibilityGlobals) = postSolution
		SolutionGuid = {EF7D5FA0-ED14-4929-97ED-75FED8FB9760}
	EndGlobalSection
EndGlobal
